// !$*UTF8*$!
{
	archiveVersion = 1;
	classes = {
	};
	objectVersion = 50;
	objects = {

/* Begin PBXBuildFile section */
		F10F015924431A7C0054F14C /* APIService.swift in Sources */ = {isa = PBXBuildFile; fileRef = F10F015824431A7C0054F14C /* APIService.swift */; };
		F166FA30244405F200D5DA87 /* TweetRow.swift in Sources */ = {isa = PBXBuildFile; fileRef = F166FA2F244405F200D5DA87 /* TweetRow.swift */; };
		F1A201452441A2C000251B94 /* AppDelegate.swift in Sources */ = {isa = PBXBuildFile; fileRef = F1A201442441A2C000251B94 /* AppDelegate.swift */; };
		F1A201472441A2C100251B94 /* SceneDelegate.swift in Sources */ = {isa = PBXBuildFile; fileRef = F1A201462441A2C100251B94 /* SceneDelegate.swift */; };
		F1A201492441A2C100251B94 /* MomentsView.swift in Sources */ = {isa = PBXBuildFile; fileRef = F1A201482441A2C100251B94 /* MomentsView.swift */; };
		F1A2014B2441A2C300251B94 /* Assets.xcassets in Resources */ = {isa = PBXBuildFile; fileRef = F1A2014A2441A2C300251B94 /* Assets.xcassets */; };
		F1A2014E2441A2C300251B94 /* Preview Assets.xcassets in Resources */ = {isa = PBXBuildFile; fileRef = F1A2014D2441A2C300251B94 /* Preview Assets.xcassets */; };
		F1A201512441A2C300251B94 /* LaunchScreen.storyboard in Resources */ = {isa = PBXBuildFile; fileRef = F1A2014F2441A2C300251B94 /* LaunchScreen.storyboard */; };
		F1A2015C2441A2C300251B94 /* MomentsTests.swift in Sources */ = {isa = PBXBuildFile; fileRef = F1A2015B2441A2C300251B94 /* MomentsTests.swift */; };
		F1A201672441A2C300251B94 /* MomentsUITests.swift in Sources */ = {isa = PBXBuildFile; fileRef = F1A201662441A2C300251B94 /* MomentsUITests.swift */; };
		F1D98C7E24432C2C00CC8CE2 /* User.swift in Sources */ = {isa = PBXBuildFile; fileRef = F1D98C7D24432C2C00CC8CE2 /* User.swift */; };
		F1D98C802443307500CC8CE2 /* Tweet.swift in Sources */ = {isa = PBXBuildFile; fileRef = F1D98C7F2443307500CC8CE2 /* Tweet.swift */; };
		F1F5122524437CBA0000CFAF /* ImageLoader.swift in Sources */ = {isa = PBXBuildFile; fileRef = F1F5122424437CBA0000CFAF /* ImageLoader.swift */; };
		F1F51227244381730000CFAF /* ImageService.swift in Sources */ = {isa = PBXBuildFile; fileRef = F1F51226244381730000CFAF /* ImageService.swift */; };
		F1F5122A244388F70000CFAF /* ProfileImage.swift in Sources */ = {isa = PBXBuildFile; fileRef = F1F51229244388F70000CFAF /* ProfileImage.swift */; };
		F1F5122D2443A6880000CFAF /* NavigationConfigurator.swift in Sources */ = {isa = PBXBuildFile; fileRef = F1F5122C2443A6880000CFAF /* NavigationConfigurator.swift */; };
		F1F5122F2443B5CC0000CFAF /* AvatarImage.swift in Sources */ = {isa = PBXBuildFile; fileRef = F1F5122E2443B5CC0000CFAF /* AvatarImage.swift */; };
/* End PBXBuildFile section */

/* Begin PBXContainerItemProxy section */
		F1A201582441A2C300251B94 /* PBXContainerItemProxy */ = {
			isa = PBXContainerItemProxy;
			containerPortal = F1A201392441A2C000251B94 /* Project object */;
			proxyType = 1;
			remoteGlobalIDString = F1A201402441A2C000251B94;
			remoteInfo = Moments;
		};
		F1A201632441A2C300251B94 /* PBXContainerItemProxy */ = {
			isa = PBXContainerItemProxy;
			containerPortal = F1A201392441A2C000251B94 /* Project object */;
			proxyType = 1;
			remoteGlobalIDString = F1A201402441A2C000251B94;
			remoteInfo = Moments;
		};
/* End PBXContainerItemProxy section */

/* Begin PBXFileReference section */
		F10F015824431A7C0054F14C /* APIService.swift */ = {isa = PBXFileReference; lastKnownFileType = sourcecode.swift; path = APIService.swift; sourceTree = "<group>"; };
		F166FA2F244405F200D5DA87 /* TweetRow.swift */ = {isa = PBXFileReference; lastKnownFileType = sourcecode.swift; path = TweetRow.swift; sourceTree = "<group>"; };
		F1A201412441A2C000251B94 /* Moments.app */ = {isa = PBXFileReference; explicitFileType = wrapper.application; includeInIndex = 0; path = Moments.app; sourceTree = BUILT_PRODUCTS_DIR; };
		F1A201442441A2C000251B94 /* AppDelegate.swift */ = {isa = PBXFileReference; lastKnownFileType = sourcecode.swift; path = AppDelegate.swift; sourceTree = "<group>"; };
		F1A201462441A2C100251B94 /* SceneDelegate.swift */ = {isa = PBXFileReference; lastKnownFileType = sourcecode.swift; path = SceneDelegate.swift; sourceTree = "<group>"; };
		F1A201482441A2C100251B94 /* MomentsView.swift */ = {isa = PBXFileReference; lastKnownFileType = sourcecode.swift; path = MomentsView.swift; sourceTree = "<group>"; };
		F1A2014A2441A2C300251B94 /* Assets.xcassets */ = {isa = PBXFileReference; lastKnownFileType = folder.assetcatalog; path = Assets.xcassets; sourceTree = "<group>"; };
		F1A2014D2441A2C300251B94 /* Preview Assets.xcassets */ = {isa = PBXFileReference; lastKnownFileType = folder.assetcatalog; path = "Preview Assets.xcassets"; sourceTree = "<group>"; };
		F1A201502441A2C300251B94 /* Base */ = {isa = PBXFileReference; lastKnownFileType = file.storyboard; name = Base; path = Base.lproj/LaunchScreen.storyboard; sourceTree = "<group>"; };
		F1A201522441A2C300251B94 /* Info.plist */ = {isa = PBXFileReference; lastKnownFileType = text.plist.xml; path = Info.plist; sourceTree = "<group>"; };
		F1A201572441A2C300251B94 /* MomentsTests.xctest */ = {isa = PBXFileReference; explicitFileType = wrapper.cfbundle; includeInIndex = 0; path = MomentsTests.xctest; sourceTree = BUILT_PRODUCTS_DIR; };
		F1A2015B2441A2C300251B94 /* MomentsTests.swift */ = {isa = PBXFileReference; lastKnownFileType = sourcecode.swift; path = MomentsTests.swift; sourceTree = "<group>"; };
		F1A2015D2441A2C300251B94 /* Info.plist */ = {isa = PBXFileReference; lastKnownFileType = text.plist.xml; path = Info.plist; sourceTree = "<group>"; };
		F1A201622441A2C300251B94 /* MomentsUITests.xctest */ = {isa = PBXFileReference; explicitFileType = wrapper.cfbundle; includeInIndex = 0; path = MomentsUITests.xctest; sourceTree = BUILT_PRODUCTS_DIR; };
		F1A201662441A2C300251B94 /* MomentsUITests.swift */ = {isa = PBXFileReference; lastKnownFileType = sourcecode.swift; path = MomentsUITests.swift; sourceTree = "<group>"; };
		F1A201682441A2C300251B94 /* Info.plist */ = {isa = PBXFileReference; lastKnownFileType = text.plist.xml; path = Info.plist; sourceTree = "<group>"; };
		F1D98C7D24432C2C00CC8CE2 /* User.swift */ = {isa = PBXFileReference; lastKnownFileType = sourcecode.swift; path = User.swift; sourceTree = "<group>"; };
		F1D98C7F2443307500CC8CE2 /* Tweet.swift */ = {isa = PBXFileReference; lastKnownFileType = sourcecode.swift; path = Tweet.swift; sourceTree = "<group>"; };
		F1F5122424437CBA0000CFAF /* ImageLoader.swift */ = {isa = PBXFileReference; lastKnownFileType = sourcecode.swift; path = ImageLoader.swift; sourceTree = "<group>"; };
		F1F51226244381730000CFAF /* ImageService.swift */ = {isa = PBXFileReference; lastKnownFileType = sourcecode.swift; path = ImageService.swift; sourceTree = "<group>"; };
		F1F51229244388F70000CFAF /* ProfileImage.swift */ = {isa = PBXFileReference; lastKnownFileType = sourcecode.swift; path = ProfileImage.swift; sourceTree = "<group>"; };
		F1F5122C2443A6880000CFAF /* NavigationConfigurator.swift */ = {isa = PBXFileReference; lastKnownFileType = sourcecode.swift; path = NavigationConfigurator.swift; sourceTree = "<group>"; };
		F1F5122E2443B5CC0000CFAF /* AvatarImage.swift */ = {isa = PBXFileReference; lastKnownFileType = sourcecode.swift; path = AvatarImage.swift; sourceTree = "<group>"; };
		F1F51230244733910000CFAF /* Moments.entitlements */ = {isa = PBXFileReference; lastKnownFileType = text.plist.entitlements; path = Moments.entitlements; sourceTree = "<group>"; };
/* End PBXFileReference section */

/* Begin PBXFrameworksBuildPhase section */
		F1A2013E2441A2C000251B94 /* Frameworks */ = {
			isa = PBXFrameworksBuildPhase;
			buildActionMask = 2147483647;
			files = (
			);
			runOnlyForDeploymentPostprocessing = 0;
		};
		F1A201542441A2C300251B94 /* Frameworks */ = {
			isa = PBXFrameworksBuildPhase;
			buildActionMask = 2147483647;
			files = (
			);
			runOnlyForDeploymentPostprocessing = 0;
		};
		F1A2015F2441A2C300251B94 /* Frameworks */ = {
			isa = PBXFrameworksBuildPhase;
			buildActionMask = 2147483647;
			files = (
			);
			runOnlyForDeploymentPostprocessing = 0;
		};
/* End PBXFrameworksBuildPhase section */

/* Begin PBXGroup section */
		F10F01172442002E0054F14C /* View */ = {
			isa = PBXGroup;
			children = (
				F1F5122B2443A65A0000CFAF /* Shared */,
				F1F512282443889D0000CFAF /* Image */,
				F1A201482441A2C100251B94 /* MomentsView.swift */,
				F166FA2F244405F200D5DA87 /* TweetRow.swift */,
			);
			path = View;
			sourceTree = "<group>";
		};
		F10F015724431A1D0054F14C /* Services */ = {
			isa = PBXGroup;
			children = (
				F1F51226244381730000CFAF /* ImageService.swift */,
				F10F015824431A7C0054F14C /* APIService.swift */,
			);
			path = Services;
			sourceTree = "<group>";
		};
		F1A201382441A2C000251B94 = {
			isa = PBXGroup;
			children = (
				F1A201432441A2C000251B94 /* Moments */,
				F1A2015A2441A2C300251B94 /* MomentsTests */,
				F1A201652441A2C300251B94 /* MomentsUITests */,
				F1A201422441A2C000251B94 /* Products */,
			);
			sourceTree = "<group>";
		};
		F1A201422441A2C000251B94 /* Products */ = {
			isa = PBXGroup;
			children = (
				F1A201412441A2C000251B94 /* Moments.app */,
				F1A201572441A2C300251B94 /* MomentsTests.xctest */,
				F1A201622441A2C300251B94 /* MomentsUITests.xctest */,
			);
			name = Products;
			sourceTree = "<group>";
		};
		F1A201432441A2C000251B94 /* Moments */ = {
			isa = PBXGroup;
			children = (
				F1F51230244733910000CFAF /* Moments.entitlements */,
				F1D98C7C24432C1000CC8CE2 /* Model */,
				F10F01172442002E0054F14C /* View */,
				F10F015724431A1D0054F14C /* Services */,
				F1F5121F244366C20000CFAF /* Utils */,
				F1A201442441A2C000251B94 /* AppDelegate.swift */,
				F1A201462441A2C100251B94 /* SceneDelegate.swift */,
				F1A2014A2441A2C300251B94 /* Assets.xcassets */,
				F1A2014F2441A2C300251B94 /* LaunchScreen.storyboard */,
				F1A201522441A2C300251B94 /* Info.plist */,
				F1A2014C2441A2C300251B94 /* Preview Content */,
			);
			path = Moments;
			sourceTree = "<group>";
		};
		F1A2014C2441A2C300251B94 /* Preview Content */ = {
			isa = PBXGroup;
			children = (
				F1A2014D2441A2C300251B94 /* Preview Assets.xcassets */,
			);
			path = "Preview Content";
			sourceTree = "<group>";
		};
		F1A2015A2441A2C300251B94 /* MomentsTests */ = {
			isa = PBXGroup;
			children = (
				F1A2015B2441A2C300251B94 /* MomentsTests.swift */,
				F1A2015D2441A2C300251B94 /* Info.plist */,
			);
			path = MomentsTests;
			sourceTree = "<group>";
		};
		F1A201652441A2C300251B94 /* MomentsUITests */ = {
			isa = PBXGroup;
			children = (
				F1A201662441A2C300251B94 /* MomentsUITests.swift */,
				F1A201682441A2C300251B94 /* Info.plist */,
			);
			path = MomentsUITests;
			sourceTree = "<group>";
		};
		F1D98C7C24432C1000CC8CE2 /* Model */ = {
			isa = PBXGroup;
			children = (
				F1D98C7D24432C2C00CC8CE2 /* User.swift */,
				F1D98C7F2443307500CC8CE2 /* Tweet.swift */,
			);
			path = Model;
			sourceTree = "<group>";
		};
		F1F5121F244366C20000CFAF /* Utils */ = {
			isa = PBXGroup;
			children = (
				F1F5122424437CBA0000CFAF /* ImageLoader.swift */,
			);
			path = Utils;
			sourceTree = "<group>";
		};
		F1F512282443889D0000CFAF /* Image */ = {
			isa = PBXGroup;
			children = (
				F1F51229244388F70000CFAF /* ProfileImage.swift */,
				F1F5122E2443B5CC0000CFAF /* AvatarImage.swift */,
			);
			path = Image;
			sourceTree = "<group>";
		};
		F1F5122B2443A65A0000CFAF /* Shared */ = {
			isa = PBXGroup;
			children = (
				F1F5122C2443A6880000CFAF /* NavigationConfigurator.swift */,
			);
			path = Shared;
			sourceTree = "<group>";
		};
/* End PBXGroup section */

/* Begin PBXNativeTarget section */
		F1A201402441A2C000251B94 /* Moments */ = {
			isa = PBXNativeTarget;
			buildConfigurationList = F1A2016B2441A2C300251B94 /* Build configuration list for PBXNativeTarget "Moments" */;
			buildPhases = (
				F1A2013D2441A2C000251B94 /* Sources */,
				F1A2013E2441A2C000251B94 /* Frameworks */,
				F1A2013F2441A2C000251B94 /* Resources */,
				F185C18C2441B69B006D45AB /* Run Script Format */,
				F1A201742441AA9500251B94 /* Run Script Lint */,
			);
			buildRules = (
			);
			dependencies = (
			);
			name = Moments;
			productName = Moments;
			productReference = F1A201412441A2C000251B94 /* Moments.app */;
			productType = "com.apple.product-type.application";
		};
		F1A201562441A2C300251B94 /* MomentsTests */ = {
			isa = PBXNativeTarget;
			buildConfigurationList = F1A2016E2441A2C300251B94 /* Build configuration list for PBXNativeTarget "MomentsTests" */;
			buildPhases = (
				F1A201532441A2C300251B94 /* Sources */,
				F1A201542441A2C300251B94 /* Frameworks */,
				F1A201552441A2C300251B94 /* Resources */,
			);
			buildRules = (
			);
			dependencies = (
				F1A201592441A2C300251B94 /* PBXTargetDependency */,
			);
			name = MomentsTests;
			productName = MomentsTests;
			productReference = F1A201572441A2C300251B94 /* MomentsTests.xctest */;
			productType = "com.apple.product-type.bundle.unit-test";
		};
		F1A201612441A2C300251B94 /* MomentsUITests */ = {
			isa = PBXNativeTarget;
			buildConfigurationList = F1A201712441A2C300251B94 /* Build configuration list for PBXNativeTarget "MomentsUITests" */;
			buildPhases = (
				F1A2015E2441A2C300251B94 /* Sources */,
				F1A2015F2441A2C300251B94 /* Frameworks */,
				F1A201602441A2C300251B94 /* Resources */,
			);
			buildRules = (
			);
			dependencies = (
				F1A201642441A2C300251B94 /* PBXTargetDependency */,
			);
			name = MomentsUITests;
			productName = MomentsUITests;
			productReference = F1A201622441A2C300251B94 /* MomentsUITests.xctest */;
			productType = "com.apple.product-type.bundle.ui-testing";
		};
/* End PBXNativeTarget section */

/* Begin PBXProject section */
		F1A201392441A2C000251B94 /* Project object */ = {
			isa = PBXProject;
			attributes = {
				LastSwiftUpdateCheck = 1140;
				LastUpgradeCheck = 1140;
				ORGANIZATIONNAME = "施国栋";
				TargetAttributes = {
					F1A201402441A2C000251B94 = {
						CreatedOnToolsVersion = 11.4;
					};
					F1A201562441A2C300251B94 = {
						CreatedOnToolsVersion = 11.4;
						TestTargetID = F1A201402441A2C000251B94;
					};
					F1A201612441A2C300251B94 = {
						CreatedOnToolsVersion = 11.4;
						TestTargetID = F1A201402441A2C000251B94;
					};
				};
			};
			buildConfigurationList = F1A2013C2441A2C000251B94 /* Build configuration list for PBXProject "Moments" */;
			compatibilityVersion = "Xcode 9.3";
			developmentRegion = en;
			hasScannedForEncodings = 0;
			knownRegions = (
				en,
				Base,
			);
			mainGroup = F1A201382441A2C000251B94;
			productRefGroup = F1A201422441A2C000251B94 /* Products */;
			projectDirPath = "";
			projectRoot = "";
			targets = (
				F1A201402441A2C000251B94 /* Moments */,
				F1A201562441A2C300251B94 /* MomentsTests */,
				F1A201612441A2C300251B94 /* MomentsUITests */,
			);
		};
/* End PBXProject section */

/* Begin PBXResourcesBuildPhase section */
		F1A2013F2441A2C000251B94 /* Resources */ = {
			isa = PBXResourcesBuildPhase;
			buildActionMask = 2147483647;
			files = (
				F1A201512441A2C300251B94 /* LaunchScreen.storyboard in Resources */,
				F1A2014E2441A2C300251B94 /* Preview Assets.xcassets in Resources */,
				F1A2014B2441A2C300251B94 /* Assets.xcassets in Resources */,
			);
			runOnlyForDeploymentPostprocessing = 0;
		};
		F1A201552441A2C300251B94 /* Resources */ = {
			isa = PBXResourcesBuildPhase;
			buildActionMask = 2147483647;
			files = (
			);
			runOnlyForDeploymentPostprocessing = 0;
		};
		F1A201602441A2C300251B94 /* Resources */ = {
			isa = PBXResourcesBuildPhase;
			buildActionMask = 2147483647;
			files = (
			);
			runOnlyForDeploymentPostprocessing = 0;
		};
/* End PBXResourcesBuildPhase section */

/* Begin PBXShellScriptBuildPhase section */
		F185C18C2441B69B006D45AB /* Run Script Format */ = {
			isa = PBXShellScriptBuildPhase;
			buildActionMask = 2147483647;
			files = (
			);
			inputFileListPaths = (
			);
			inputPaths = (
			);
			name = "Run Script Format";
			outputFileListPaths = (
			);
			outputPaths = (
			);
			runOnlyForDeploymentPostprocessing = 0;
			shellPath = /bin/sh;
			shellScript = "if which swiftformat >/dev/null; then\n  swiftformat .\nelse\n  echo \"warning: SwiftFormat not installed, download from https://github.com/nicklockwood/SwiftFormat\"\nfi\n";
		};
		F1A201742441AA9500251B94 /* Run Script Lint */ = {
			isa = PBXShellScriptBuildPhase;
			buildActionMask = 2147483647;
			files = (
			);
			inputFileListPaths = (
			);
			inputPaths = (
			);
			name = "Run Script Lint";
			outputFileListPaths = (
			);
			outputPaths = (
			);
			runOnlyForDeploymentPostprocessing = 0;
			shellPath = /bin/sh;
			shellScript = "if which swiftlint >/dev/null; then\n  swiftlint\nelse\n  echo \"warning: SwiftLint not installed, download from https://github.com/realm/SwiftLint\"\nfi\n";
		};
/* End PBXShellScriptBuildPhase section */

/* Begin PBXSourcesBuildPhase section */
		F1A2013D2441A2C000251B94 /* Sources */ = {
			isa = PBXSourcesBuildPhase;
			buildActionMask = 2147483647;
			files = (
				F1F5122A244388F70000CFAF /* ProfileImage.swift in Sources */,
				F1A201452441A2C000251B94 /* AppDelegate.swift in Sources */,
				F166FA30244405F200D5DA87 /* TweetRow.swift in Sources */,
				F1F5122F2443B5CC0000CFAF /* AvatarImage.swift in Sources */,
				F1A201472441A2C100251B94 /* SceneDelegate.swift in Sources */,
				F1F51227244381730000CFAF /* ImageService.swift in Sources */,
				F1F5122524437CBA0000CFAF /* ImageLoader.swift in Sources */,
				F10F015924431A7C0054F14C /* APIService.swift in Sources */,
				F1D98C802443307500CC8CE2 /* Tweet.swift in Sources */,
				F1D98C7E24432C2C00CC8CE2 /* User.swift in Sources */,
				F1F5122D2443A6880000CFAF /* NavigationConfigurator.swift in Sources */,
				F1A201492441A2C100251B94 /* MomentsView.swift in Sources */,
			);
			runOnlyForDeploymentPostprocessing = 0;
		};
		F1A201532441A2C300251B94 /* Sources */ = {
			isa = PBXSourcesBuildPhase;
			buildActionMask = 2147483647;
			files = (
				F1A2015C2441A2C300251B94 /* MomentsTests.swift in Sources */,
			);
			runOnlyForDeploymentPostprocessing = 0;
		};
		F1A2015E2441A2C300251B94 /* Sources */ = {
			isa = PBXSourcesBuildPhase;
			buildActionMask = 2147483647;
			files = (
				F1A201672441A2C300251B94 /* MomentsUITests.swift in Sources */,
			);
			runOnlyForDeploymentPostprocessing = 0;
		};
/* End PBXSourcesBuildPhase section */

/* Begin PBXTargetDependency section */
		F1A201592441A2C300251B94 /* PBXTargetDependency */ = {
			isa = PBXTargetDependency;
			target = F1A201402441A2C000251B94 /* Moments */;
			targetProxy = F1A201582441A2C300251B94 /* PBXContainerItemProxy */;
		};
		F1A201642441A2C300251B94 /* PBXTargetDependency */ = {
			isa = PBXTargetDependency;
			target = F1A201402441A2C000251B94 /* Moments */;
			targetProxy = F1A201632441A2C300251B94 /* PBXContainerItemProxy */;
		};
/* End PBXTargetDependency section */

/* Begin PBXVariantGroup section */
		F1A2014F2441A2C300251B94 /* LaunchScreen.storyboard */ = {
			isa = PBXVariantGroup;
			children = (
				F1A201502441A2C300251B94 /* Base */,
			);
			name = LaunchScreen.storyboard;
			sourceTree = "<group>";
		};
/* End PBXVariantGroup section */

/* Begin XCBuildConfiguration section */
		F1A201692441A2C300251B94 /* Debug */ = {
			isa = XCBuildConfiguration;
			buildSettings = {
				ALWAYS_SEARCH_USER_PATHS = NO;
				CLANG_ANALYZER_NONNULL = YES;
				CLANG_ANALYZER_NUMBER_OBJECT_CONVERSION = YES_AGGRESSIVE;
				CLANG_CXX_LANGUAGE_STANDARD = "gnu++14";
				CLANG_CXX_LIBRARY = "libc++";
				CLANG_ENABLE_MODULES = YES;
				CLANG_ENABLE_OBJC_ARC = YES;
				CLANG_ENABLE_OBJC_WEAK = YES;
				CLANG_WARN_BLOCK_CAPTURE_AUTORELEASING = YES;
				CLANG_WARN_BOOL_CONVERSION = YES;
				CLANG_WARN_COMMA = YES;
				CLANG_WARN_CONSTANT_CONVERSION = YES;
				CLANG_WARN_DEPRECATED_OBJC_IMPLEMENTATIONS = YES;
				CLANG_WARN_DIRECT_OBJC_ISA_USAGE = YES_ERROR;
				CLANG_WARN_DOCUMENTATION_COMMENTS = YES;
				CLANG_WARN_EMPTY_BODY = YES;
				CLANG_WARN_ENUM_CONVERSION = YES;
				CLANG_WARN_INFINITE_RECURSION = YES;
				CLANG_WARN_INT_CONVERSION = YES;
				CLANG_WARN_NON_LITERAL_NULL_CONVERSION = YES;
				CLANG_WARN_OBJC_IMPLICIT_RETAIN_SELF = YES;
				CLANG_WARN_OBJC_LITERAL_CONVERSION = YES;
				CLANG_WARN_OBJC_ROOT_CLASS = YES_ERROR;
				CLANG_WARN_RANGE_LOOP_ANALYSIS = YES;
				CLANG_WARN_STRICT_PROTOTYPES = YES;
				CLANG_WARN_SUSPICIOUS_MOVE = YES;
				CLANG_WARN_UNGUARDED_AVAILABILITY = YES_AGGRESSIVE;
				CLANG_WARN_UNREACHABLE_CODE = YES;
				CLANG_WARN__DUPLICATE_METHOD_MATCH = YES;
				COPY_PHASE_STRIP = NO;
				DEBUG_INFORMATION_FORMAT = dwarf;
				ENABLE_STRICT_OBJC_MSGSEND = YES;
				ENABLE_TESTABILITY = YES;
				GCC_C_LANGUAGE_STANDARD = gnu11;
				GCC_DYNAMIC_NO_PIC = NO;
				GCC_NO_COMMON_BLOCKS = YES;
				GCC_OPTIMIZATION_LEVEL = 0;
				GCC_PREPROCESSOR_DEFINITIONS = (
					"DEBUG=1",
					"$(inherited)",
				);
				GCC_WARN_64_TO_32_BIT_CONVERSION = YES;
				GCC_WARN_ABOUT_RETURN_TYPE = YES_ERROR;
				GCC_WARN_UNDECLARED_SELECTOR = YES;
				GCC_WARN_UNINITIALIZED_AUTOS = YES_AGGRESSIVE;
				GCC_WARN_UNUSED_FUNCTION = YES;
				GCC_WARN_UNUSED_VARIABLE = YES;
				IPHONEOS_DEPLOYMENT_TARGET = 13.4;
				MTL_ENABLE_DEBUG_INFO = INCLUDE_SOURCE;
				MTL_FAST_MATH = YES;
				ONLY_ACTIVE_ARCH = YES;
				SDKROOT = iphoneos;
				SWIFT_ACTIVE_COMPILATION_CONDITIONS = DEBUG;
				SWIFT_OPTIMIZATION_LEVEL = "-Onone";
			};
			name = Debug;
		};
		F1A2016A2441A2C300251B94 /* Release */ = {
			isa = XCBuildConfiguration;
			buildSettings = {
				ALWAYS_SEARCH_USER_PATHS = NO;
				CLANG_ANALYZER_NONNULL = YES;
				CLANG_ANALYZER_NUMBER_OBJECT_CONVERSION = YES_AGGRESSIVE;
				CLANG_CXX_LANGUAGE_STANDARD = "gnu++14";
				CLANG_CXX_LIBRARY = "libc++";
				CLANG_ENABLE_MODULES = YES;
				CLANG_ENABLE_OBJC_ARC = YES;
				CLANG_ENABLE_OBJC_WEAK = YES;
				CLANG_WARN_BLOCK_CAPTURE_AUTORELEASING = YES;
				CLANG_WARN_BOOL_CONVERSION = YES;
				CLANG_WARN_COMMA = YES;
				CLANG_WARN_CONSTANT_CONVERSION = YES;
				CLANG_WARN_DEPRECATED_OBJC_IMPLEMENTATIONS = YES;
				CLANG_WARN_DIRECT_OBJC_ISA_USAGE = YES_ERROR;
				CLANG_WARN_DOCUMENTATION_COMMENTS = YES;
				CLANG_WARN_EMPTY_BODY = YES;
				CLANG_WARN_ENUM_CONVERSION = YES;
				CLANG_WARN_INFINITE_RECURSION = YES;
				CLANG_WARN_INT_CONVERSION = YES;
				CLANG_WARN_NON_LITERAL_NULL_CONVERSION = YES;
				CLANG_WARN_OBJC_IMPLICIT_RETAIN_SELF = YES;
				CLANG_WARN_OBJC_LITERAL_CONVERSION = YES;
				CLANG_WARN_OBJC_ROOT_CLASS = YES_ERROR;
				CLANG_WARN_RANGE_LOOP_ANALYSIS = YES;
				CLANG_WARN_STRICT_PROTOTYPES = YES;
				CLANG_WARN_SUSPICIOUS_MOVE = YES;
				CLANG_WARN_UNGUARDED_AVAILABILITY = YES_AGGRESSIVE;
				CLANG_WARN_UNREACHABLE_CODE = YES;
				CLANG_WARN__DUPLICATE_METHOD_MATCH = YES;
				COPY_PHASE_STRIP = NO;
				DEBUG_INFORMATION_FORMAT = "dwarf-with-dsym";
				ENABLE_NS_ASSERTIONS = NO;
				ENABLE_STRICT_OBJC_MSGSEND = YES;
				GCC_C_LANGUAGE_STANDARD = gnu11;
				GCC_NO_COMMON_BLOCKS = YES;
				GCC_WARN_64_TO_32_BIT_CONVERSION = YES;
				GCC_WARN_ABOUT_RETURN_TYPE = YES_ERROR;
				GCC_WARN_UNDECLARED_SELECTOR = YES;
				GCC_WARN_UNINITIALIZED_AUTOS = YES_AGGRESSIVE;
				GCC_WARN_UNUSED_FUNCTION = YES;
				GCC_WARN_UNUSED_VARIABLE = YES;
				IPHONEOS_DEPLOYMENT_TARGET = 13.4;
				MTL_ENABLE_DEBUG_INFO = NO;
				MTL_FAST_MATH = YES;
				SDKROOT = iphoneos;
				SWIFT_COMPILATION_MODE = wholemodule;
				SWIFT_OPTIMIZATION_LEVEL = "-O";
				VALIDATE_PRODUCT = YES;
			};
			name = Release;
		};
		F1A2016C2441A2C300251B94 /* Debug */ = {
			isa = XCBuildConfiguration;
			buildSettings = {
				ASSETCATALOG_COMPILER_APPICON_NAME = AppIcon;
				CODE_SIGN_ENTITLEMENTS = Moments/Moments.entitlements;
				CODE_SIGN_STYLE = Automatic;
				DEVELOPMENT_ASSET_PATHS = "\"Moments/Preview Content\"";
				DEVELOPMENT_TEAM = 8X7DZDJ78G;
				ENABLE_PREVIEWS = YES;
				INFOPLIST_FILE = Moments/Info.plist;
				IPHONEOS_DEPLOYMENT_TARGET = 13.0;
				LD_RUNPATH_SEARCH_PATHS = (
					"$(inherited)",
					"@executable_path/Frameworks",
				);
				PRODUCT_BUNDLE_IDENTIFIER = com.shiguodong.Moments;
				PRODUCT_NAME = "$(TARGET_NAME)";
				SUPPORTS_MACCATALYST = YES;
				SWIFT_VERSION = 5.0;
				TARGETED_DEVICE_FAMILY = "1,2";
			};
			name = Debug;
		};
		F1A2016D2441A2C300251B94 /* Release */ = {
			isa = XCBuildConfiguration;
			buildSettings = {
				ASSETCATALOG_COMPILER_APPICON_NAME = AppIcon;
				CODE_SIGN_ENTITLEMENTS = Moments/Moments.entitlements;
				CODE_SIGN_STYLE = Automatic;
				DEVELOPMENT_ASSET_PATHS = "\"Moments/Preview Content\"";
				DEVELOPMENT_TEAM = 8X7DZDJ78G;
				ENABLE_PREVIEWS = YES;
				INFOPLIST_FILE = Moments/Info.plist;
				IPHONEOS_DEPLOYMENT_TARGET = 13.0;
				LD_RUNPATH_SEARCH_PATHS = (
					"$(inherited)",
					"@executable_path/Frameworks",
				);
				PRODUCT_BUNDLE_IDENTIFIER = com.shiguodong.Moments;
				PRODUCT_NAME = "$(TARGET_NAME)";
				SUPPORTS_MACCATALYST = YES;
				SWIFT_VERSION = 5.0;
				TARGETED_DEVICE_FAMILY = "1,2";
			};
			name = Release;
		};
		F1A2016F2441A2C300251B94 /* Debug */ = {
			isa = XCBuildConfiguration;
			buildSettings = {
				ALWAYS_EMBED_SWIFT_STANDARD_LIBRARIES = YES;
				BUNDLE_LOADER = "$(TEST_HOST)";
				CODE_SIGN_STYLE = Automatic;
				INFOPLIST_FILE = MomentsTests/Info.plist;
				IPHONEOS_DEPLOYMENT_TARGET = 13.4;
				LD_RUNPATH_SEARCH_PATHS = (
					"$(inherited)",
					"@executable_path/Frameworks",
					"@loader_path/Frameworks",
				);
				PRODUCT_BUNDLE_IDENTIFIER = com.shiguodong.MomentsTests;
				PRODUCT_NAME = "$(TARGET_NAME)";
				SWIFT_VERSION = 5.0;
				TARGETED_DEVICE_FAMILY = "1,2";
				TEST_HOST = "$(BUILT_PRODUCTS_DIR)/Moments.app/Moments";
			};
			name = Debug;
		};
		F1A201702441A2C300251B94 /* Release */ = {
			isa = XCBuildConfiguration;
			buildSettings = {
				ALWAYS_EMBED_SWIFT_STANDARD_LIBRARIES = YES;
				BUNDLE_LOADER = "$(TEST_HOST)";
				CODE_SIGN_STYLE = Automatic;
				INFOPLIST_FILE = MomentsTests/Info.plist;
				IPHONEOS_DEPLOYMENT_TARGET = 13.4;
				LD_RUNPATH_SEARCH_PATHS = (
					"$(inherited)",
					"@executable_path/Frameworks",
					"@loader_path/Frameworks",
				);
				PRODUCT_BUNDLE_IDENTIFIER = com.shiguodong.MomentsTests;
				PRODUCT_NAME = "$(TARGET_NAME)";
				SWIFT_VERSION = 5.0;
				TARGETED_DEVICE_FAMILY = "1,2";
				TEST_HOST = "$(BUILT_PRODUCTS_DIR)/Moments.app/Moments";
			};
			name = Release;
		};
		F1A201722441A2C300251B94 /* Debug */ = {
			isa = XCBuildConfiguration;
			buildSettings = {
				ALWAYS_EMBED_SWIFT_STANDARD_LIBRARIES = YES;
				CODE_SIGN_STYLE = Automatic;
				INFOPLIST_FILE = MomentsUITests/Info.plist;
				LD_RUNPATH_SEARCH_PATHS = (
					"$(inherited)",
					"@executable_path/Frameworks",
					"@loader_path/Frameworks",
				);
				PRODUCT_BUNDLE_IDENTIFIER = com.shiguodong.MomentsUITests;
				PRODUCT_NAME = "$(TARGET_NAME)";
				SWIFT_VERSION = 5.0;
				TARGETED_DEVICE_FAMILY = "1,2";
				TEST_TARGET_NAME = Moments;
			};
			name = Debug;
		};
		F1A201732441A2C300251B94 /* Release */ = {
			isa = XCBuildConfiguration;
			buildSettings = {
				ALWAYS_EMBED_SWIFT_STANDARD_LIBRARIES = YES;
				CODE_SIGN_STYLE = Automatic;
				INFOPLIST_FILE = MomentsUITests/Info.plist;
				LD_RUNPATH_SEARCH_PATHS = (
					"$(inherited)",
					"@executable_path/Frameworks",
					"@loader_path/Frameworks",
				);
				PRODUCT_BUNDLE_IDENTIFIER = com.shiguodong.MomentsUITests;
				PRODUCT_NAME = "$(TARGET_NAME)";
				SWIFT_VERSION = 5.0;
				TARGETED_DEVICE_FAMILY = "1,2";
				TEST_TARGET_NAME = Moments;
			};
			name = Release;
		};
/* End XCBuildConfiguration section */

/* Begin XCConfigurationList section */
		F1A2013C2441A2C000251B94 /* Build configuration list for PBXProject "Moments" */ = {
			isa = XCConfigurationList;
			buildConfigurations = (
				F1A201692441A2C300251B94 /* Debug */,
				F1A2016A2441A2C300251B94 /* Release */,
			);
			defaultConfigurationIsVisible = 0;
			defaultConfigurationName = Release;
		};
		F1A2016B2441A2C300251B94 /* Build configuration list for PBXNativeTarget "Moments" */ = {
			isa = XCConfigurationList;
			buildConfigurations = (
				F1A2016C2441A2C300251B94 /* Debug */,
				F1A2016D2441A2C300251B94 /* Release */,
			);
			defaultConfigurationIsVisible = 0;
			defaultConfigurationName = Release;
		};
		F1A2016E2441A2C300251B94 /* Build configuration list for PBXNativeTarget "MomentsTests" */ = {
			isa = XCConfigurationList;
			buildConfigurations = (
				F1A2016F2441A2C300251B94 /* Debug */,
				F1A201702441A2C300251B94 /* Release */,
			);
			defaultConfigurationIsVisible = 0;
			defaultConfigurationName = Release;
		};
		F1A201712441A2C300251B94 /* Build configuration list for PBXNativeTarget "MomentsUITests" */ = {
			isa = XCConfigurationList;
			buildConfigurations = (
				F1A201722441A2C300251B94 /* Debug */,
				F1A201732441A2C300251B94 /* Release */,
			);
			defaultConfigurationIsVisible = 0;
			defaultConfigurationName = Release;
		};
/* End XCConfigurationList section */
	};
	rootObject = F1A201392441A2C000251B94 /* Project object */;
}
